
Microsoft Visual Studio Solution File, Format Version 12.00
# Visual Studio Version 17
VisualStudioVersion = 17.2.32616.157
MinimumVisualStudioVersion = 10.0.40219.1
Project("{FAE04EC0-301F-11D3-BF4B-00C04F79EFBC}") = "LINKQ pallavi", "LINKQ pallavi\LINKQ pallavi.csproj", "{C19D1E29-AB47-44F3-9D4D-746AF3A9FF02}"
EndProject
Global
	GlobalSection(SolutionConfigurationPlatforms) = preSolution
		Debug|Any CPU = Debug|Any CPU
		Release|Any CPU = Release|Any CPU
	EndGlobalSection
	GlobalSection(ProjectConfigurationPlatforms) = postSolution
		{C19D1E29-AB47-44F3-9D4D-746AF3A9FF02}.Debug|Any CPU.ActiveCfg = Debug|Any CPU
		{C19D1E29-AB47-44F3-9D4D-746AF3A9FF02}.Debug|Any CPU.Build.0 = Debug|Any CPU
		{C19D1E29-AB47-44F3-9D4D-746AF3A9FF02}.Release|Any CPU.ActiveCfg = Release|Any CPU
		{C19D1E29-AB47-44F3-9D4D-746AF3A9FF02}.Release|Any CPU.Build.0 = Release|Any CPU
	EndGlobalSection
	GlobalSection(SolutionProperties) = preSolution
		HideSolutionNode = FALSE
	EndGlobalSection
	GlobalSection(ExtensibilityGlobals) = postSolution
		SolutionGuid = {9463CC11-9A13-41C7-A079-B08C25AAA8E3}
	EndGlobalSection
EndGlobal
